# This file is automatically @generated by Cargo.
# It is not intended for manual editing.
version = 3

[[package]]
name = "algorithms"
version = "0.1.0"
dependencies = [
 "queues",
]

[[package]]
name = "algorithms"
version = "0.1.0"
source = "git+https://github.com/Monksc/algorithms_rust_lib?rev=c3bc40e#c3bc40e5532fc3cd85c3589fa89796b9cc2980c3"
dependencies = [
 "queues",
]

[[package]]
name = "autocfg"
version = "1.1.0"
source = "registry+https://github.com/rust-lang/crates.io-index"
checksum = "d468802bab17cbc0cc575e9b053f41e72aa36bfa6b7f55e3529ffa43161b97fa"

[[package]]
name = "camcam"
version = "0.1.0"
dependencies = [
 "algorithms 0.1.0",
 "ordered-float",
 "range_map",
]

[[package]]
name = "num-traits"
version = "0.2.15"
source = "registry+https://github.com/rust-lang/crates.io-index"
checksum = "578ede34cf02f8924ab9447f50c28075b4d3e5b269972345e7e0372b38c6cdcd"
dependencies = [
 "autocfg",
]

[[package]]
name = "ordered-float"
version = "3.4.0"
source = "registry+https://github.com/rust-lang/crates.io-index"
checksum = "d84eb1409416d254e4a9c8fa56cc24701755025b458f0fcd8e59e1f5f40c23bf"
dependencies = [
 "num-traits",
]

[[package]]
name = "queues"
version = "1.1.0"
source = "registry+https://github.com/rust-lang/crates.io-index"
checksum = "1475abae4f8ad4998590fe3acfe20104f0a5d48fc420c817cd2c09c3f56151f0"

[[package]]
name = "range_map"
version = "0.1.0"
dependencies = [
 "algorithms 0.1.0 (git+https://github.com/Monksc/algorithms_rust_lib?rev=c3bc40e)",
]
